
Microsoft Visual Studio Solution File, Format Version 12.00
# Visual Studio 15
VisualStudioVersion = 15.0.27703.2047
MinimumVisualStudioVersion = 10.0.40219.1
Project("{FAE04EC0-301F-11D3-BF4B-00C04F79EFBC}") = "Dr_parsa", "Dr_parsa\Dr_parsa.csproj", "{0FFA82C2-DCE3-42F3-AFF4-F5534CD30DA7}"
EndProject
Global
	GlobalSection(SolutionConfigurationPlatforms) = preSolution
		Debug|Any CPU = Debug|Any CPU
		Release|Any CPU = Release|Any CPU
	EndGlobalSection
	GlobalSection(ProjectConfigurationPlatforms) = postSolution
		{0FFA82C2-DCE3-42F3-AFF4-F5534CD30DA7}.Debug|Any CPU.ActiveCfg = Debug|Any CPU
		{0FFA82C2-DCE3-42F3-AFF4-F5534CD30DA7}.Debug|Any CPU.Build.0 = Debug|Any CPU
		{0FFA82C2-DCE3-42F3-AFF4-F5534CD30DA7}.Release|Any CPU.ActiveCfg = Release|Any CPU
		{0FFA82C2-DCE3-42F3-AFF4-F5534CD30DA7}.Release|Any CPU.Build.0 = Release|Any CPU
	EndGlobalSection
	GlobalSection(SolutionProperties) = preSolution
		HideSolutionNode = FALSE
	EndGlobalSection
	GlobalSection(ExtensibilityGlobals) = postSolution
		SolutionGuid = {BDC5FABD-3B20-45BF-B8C0-AC2684F4A374}
	EndGlobalSection
EndGlobal
